// !$*UTF8*$!
{
	archiveVersion = 1;
	classes = {
	};
	objectVersion = 56;
	objects = {

/* Begin PBXBuildFile section */
		BA169FA32ABF5D1300D34DBF /* LoginView.swift in Sources */ = {isa = PBXBuildFile; fileRef = BA169FA22ABF5D1300D34DBF /* LoginView.swift */; };
		BA169FA62ABF5D5600D34DBF /* SplashView.swift in Sources */ = {isa = PBXBuildFile; fileRef = BA169FA52ABF5D5600D34DBF /* SplashView.swift */; };
		BA9459382B1A5ACC0064798F /* credential.plist in Resources */ = {isa = PBXBuildFile; fileRef = BA9459372B1A5ACC0064798F /* credential.plist */; };
		BA94593C2B1A5DFF0064798F /* GoogleService-Info.plist in Resources */ = {isa = PBXBuildFile; fileRef = BA94593B2B1A5DFF0064798F /* GoogleService-Info.plist */; };
		BA94593F2B1A65730064798F /* AppUserDefaults.swift in Sources */ = {isa = PBXBuildFile; fileRef = BA94593E2B1A65730064798F /* AppUserDefaults.swift */; };
		BA9459412B1A65970064798F /* UserDefault.swift in Sources */ = {isa = PBXBuildFile; fileRef = BA9459402B1A65970064798F /* UserDefault.swift */; };
		BA9459432B1A65AB0064798F /* UserDefaultsKey.swift in Sources */ = {isa = PBXBuildFile; fileRef = BA9459422B1A65AB0064798F /* UserDefaultsKey.swift */; };
		BA9475982ADD57290095D108 /* PrimaryButton.swift in Sources */ = {isa = PBXBuildFile; fileRef = BA9475972ADD57290095D108 /* PrimaryButton.swift */; };
		BAAAAC8F2ABF5E870055A540 /* Color+Extensions.swift in Sources */ = {isa = PBXBuildFile; fileRef = BAAAAC8E2ABF5E870055A540 /* Color+Extensions.swift */; };
		BAAAAC912ABF5F350055A540 /* Image+Extensions.swift in Sources */ = {isa = PBXBuildFile; fileRef = BAAAAC902ABF5F350055A540 /* Image+Extensions.swift */; };
		BAAAAC932ABF602B0055A540 /* UserViewModel.swift in Sources */ = {isa = PBXBuildFile; fileRef = BAAAAC922ABF602B0055A540 /* UserViewModel.swift */; };
		BAAAAC952ABF61670055A540 /* HomeView.swift in Sources */ = {isa = PBXBuildFile; fileRef = BAAAAC942ABF61670055A540 /* HomeView.swift */; };
		BAAAAC982ABF63BF0055A540 /* Poppins in Resources */ = {isa = PBXBuildFile; fileRef = BAAAAC972ABF63BF0055A540 /* Poppins */; };
		BAAAAC9A2ABF64530055A540 /* Font+Extensions.swift in Sources */ = {isa = PBXBuildFile; fileRef = BAAAAC992ABF64530055A540 /* Font+Extensions.swift */; };
		BADCA4912B14CA2F006B115B /* GreetingView.swift in Sources */ = {isa = PBXBuildFile; fileRef = BADCA4902B14CA2F006B115B /* GreetingView.swift */; };
		BADCA4932B14D131006B115B /* WorkAroundLink.swift in Sources */ = {isa = PBXBuildFile; fileRef = BADCA4922B14D131006B115B /* WorkAroundLink.swift */; };
		BADCA4952B14DB89006B115B /* StandartTextField.swift in Sources */ = {isa = PBXBuildFile; fileRef = BADCA4942B14DB89006B115B /* StandartTextField.swift */; };
		BADCA4982B14DBE6006B115B /* Veil in Frameworks */ = {isa = PBXBuildFile; productRef = BADCA4972B14DBE6006B115B /* Veil */; };
		BADCA49A2B14DE50006B115B /* InputPattern.swift in Sources */ = {isa = PBXBuildFile; fileRef = BADCA4992B14DE50006B115B /* InputPattern.swift */; };
		BADCA49D2B14E3A4006B115B /* GoogleSignIn in Frameworks */ = {isa = PBXBuildFile; productRef = BADCA49C2B14E3A4006B115B /* GoogleSignIn */; };
		BADCA49F2B14E3A4006B115B /* GoogleSignInSwift in Frameworks */ = {isa = PBXBuildFile; productRef = BADCA49E2B14E3A4006B115B /* GoogleSignInSwift */; };
		BADCA4B02B14E73D006B115B /* GoogleSignIn in Frameworks */ = {isa = PBXBuildFile; productRef = BADCA4AF2B14E73D006B115B /* GoogleSignIn */; };
		BADCA4B22B14E73D006B115B /* GoogleSignInSwift in Frameworks */ = {isa = PBXBuildFile; productRef = BADCA4B12B14E73D006B115B /* GoogleSignInSwift */; };
		BADCA4B42B14ECBA006B115B /* Utilities.swift in Sources */ = {isa = PBXBuildFile; fileRef = BADCA4B32B14ECBA006B115B /* Utilities.swift */; };
		BADCA4B72B14EF76006B115B /* FirebaseAuth in Frameworks */ = {isa = PBXBuildFile; productRef = BADCA4B62B14EF76006B115B /* FirebaseAuth */; };
		BADCA4BA2B14F08A006B115B /* AuthenticationManager.swift in Sources */ = {isa = PBXBuildFile; fileRef = BADCA4B92B14F08A006B115B /* AuthenticationManager.swift */; };
		BAEA7E662AB330BB00AF1BD0 /* VocabosApp.swift in Sources */ = {isa = PBXBuildFile; fileRef = BAEA7E652AB330BB00AF1BD0 /* VocabosApp.swift */; };
		BAEA7E682AB330BB00AF1BD0 /* ContentView.swift in Sources */ = {isa = PBXBuildFile; fileRef = BAEA7E672AB330BB00AF1BD0 /* ContentView.swift */; };
		BAEA7E6A2AB330BD00AF1BD0 /* Assets.xcassets in Resources */ = {isa = PBXBuildFile; fileRef = BAEA7E692AB330BD00AF1BD0 /* Assets.xcassets */; };
		BAEA7E6D2AB330BD00AF1BD0 /* Preview Assets.xcassets in Resources */ = {isa = PBXBuildFile; fileRef = BAEA7E6C2AB330BD00AF1BD0 /* Preview Assets.xcassets */; };
		BAEA7E802AB4549900AF1BD0 /* BaseViewModel.swift in Sources */ = {isa = PBXBuildFile; fileRef = BAEA7E7F2AB4549900AF1BD0 /* BaseViewModel.swift */; };
		BAEA7E852AB454DD00AF1BD0 /* APIManager.swift in Sources */ = {isa = PBXBuildFile; fileRef = BAEA7E842AB454DD00AF1BD0 /* APIManager.swift */; };
		BAEA7E872AB4553E00AF1BD0 /* ServiceProvider.swift in Sources */ = {isa = PBXBuildFile; fileRef = BAEA7E862AB4553E00AF1BD0 /* ServiceProvider.swift */; };
		BAEA7E892AB4556600AF1BD0 /* EndPoint.swift in Sources */ = {isa = PBXBuildFile; fileRef = BAEA7E882AB4556600AF1BD0 /* EndPoint.swift */; };
		BAEA7E8B2AB455B200AF1BD0 /* BaseRequest.swift in Sources */ = {isa = PBXBuildFile; fileRef = BAEA7E8A2AB455B200AF1BD0 /* BaseRequest.swift */; };
		BAEA7E8D2AB455F700AF1BD0 /* ApiCallListenerManager.swift in Sources */ = {isa = PBXBuildFile; fileRef = BAEA7E8C2AB455F700AF1BD0 /* ApiCallListenerManager.swift */; };
		BAEA7E8F2AB4564900AF1BD0 /* GlobalHelpers.swift in Sources */ = {isa = PBXBuildFile; fileRef = BAEA7E8E2AB4564900AF1BD0 /* GlobalHelpers.swift */; };
		BAEA7E912AB456BE00AF1BD0 /* DeviceInfo.swift in Sources */ = {isa = PBXBuildFile; fileRef = BAEA7E902AB456BE00AF1BD0 /* DeviceInfo.swift */; };
		BAEA7E942AB456F200AF1BD0 /* Data+Extensions.swift in Sources */ = {isa = PBXBuildFile; fileRef = BAEA7E932AB456F200AF1BD0 /* Data+Extensions.swift */; };
		BAEA7E962AB4571F00AF1BD0 /* ErrorResponse.swift in Sources */ = {isa = PBXBuildFile; fileRef = BAEA7E952AB4571F00AF1BD0 /* ErrorResponse.swift */; };
		BAEA7E982AB4572D00AF1BD0 /* ErrorType.swift in Sources */ = {isa = PBXBuildFile; fileRef = BAEA7E972AB4572D00AF1BD0 /* ErrorType.swift */; };
/* End PBXBuildFile section */

/* Begin PBXFileReference section */
		BA169FA22ABF5D1300D34DBF /* LoginView.swift */ = {isa = PBXFileReference; lastKnownFileType = sourcecode.swift; path = LoginView.swift; sourceTree = "<group>"; };
		BA169FA52ABF5D5600D34DBF /* SplashView.swift */ = {isa = PBXFileReference; lastKnownFileType = sourcecode.swift; path = SplashView.swift; sourceTree = "<group>"; };
		BA9459372B1A5ACC0064798F /* credential.plist */ = {isa = PBXFileReference; fileEncoding = 4; lastKnownFileType = text.plist.xml; path = credential.plist; sourceTree = "<group>"; };
		BA94593B2B1A5DFF0064798F /* GoogleService-Info.plist */ = {isa = PBXFileReference; fileEncoding = 4; lastKnownFileType = text.plist.xml; path = "GoogleService-Info.plist"; sourceTree = "<group>"; };
		BA94593E2B1A65730064798F /* AppUserDefaults.swift */ = {isa = PBXFileReference; lastKnownFileType = sourcecode.swift; path = AppUserDefaults.swift; sourceTree = "<group>"; };
		BA9459402B1A65970064798F /* UserDefault.swift */ = {isa = PBXFileReference; lastKnownFileType = sourcecode.swift; path = UserDefault.swift; sourceTree = "<group>"; };
		BA9459422B1A65AB0064798F /* UserDefaultsKey.swift */ = {isa = PBXFileReference; lastKnownFileType = sourcecode.swift; path = UserDefaultsKey.swift; sourceTree = "<group>"; };
		BA9475972ADD57290095D108 /* PrimaryButton.swift */ = {isa = PBXFileReference; lastKnownFileType = sourcecode.swift; path = PrimaryButton.swift; sourceTree = "<group>"; };
		BAAAAC8E2ABF5E870055A540 /* Color+Extensions.swift */ = {isa = PBXFileReference; lastKnownFileType = sourcecode.swift; path = "Color+Extensions.swift"; sourceTree = "<group>"; };
		BAAAAC902ABF5F350055A540 /* Image+Extensions.swift */ = {isa = PBXFileReference; lastKnownFileType = sourcecode.swift; path = "Image+Extensions.swift"; sourceTree = "<group>"; };
		BAAAAC922ABF602B0055A540 /* UserViewModel.swift */ = {isa = PBXFileReference; lastKnownFileType = sourcecode.swift; path = UserViewModel.swift; sourceTree = "<group>"; };
		BAAAAC942ABF61670055A540 /* HomeView.swift */ = {isa = PBXFileReference; lastKnownFileType = sourcecode.swift; path = HomeView.swift; sourceTree = "<group>"; };
		BAAAAC972ABF63BF0055A540 /* Poppins */ = {isa = PBXFileReference; lastKnownFileType = folder; path = Poppins; sourceTree = "<group>"; };
		BAAAAC992ABF64530055A540 /* Font+Extensions.swift */ = {isa = PBXFileReference; lastKnownFileType = sourcecode.swift; path = "Font+Extensions.swift"; sourceTree = "<group>"; };
		BAAAAC9B2ABF64FF0055A540 /* Info.plist */ = {isa = PBXFileReference; lastKnownFileType = text.plist; path = Info.plist; sourceTree = "<group>"; };
		BADCA4902B14CA2F006B115B /* GreetingView.swift */ = {isa = PBXFileReference; lastKnownFileType = sourcecode.swift; path = GreetingView.swift; sourceTree = "<group>"; };
		BADCA4922B14D131006B115B /* WorkAroundLink.swift */ = {isa = PBXFileReference; lastKnownFileType = sourcecode.swift; path = WorkAroundLink.swift; sourceTree = "<group>"; };
		BADCA4942B14DB89006B115B /* StandartTextField.swift */ = {isa = PBXFileReference; lastKnownFileType = sourcecode.swift; path = StandartTextField.swift; sourceTree = "<group>"; };
		BADCA4992B14DE50006B115B /* InputPattern.swift */ = {isa = PBXFileReference; lastKnownFileType = sourcecode.swift; path = InputPattern.swift; sourceTree = "<group>"; };
		BADCA4B32B14ECBA006B115B /* Utilities.swift */ = {isa = PBXFileReference; lastKnownFileType = sourcecode.swift; path = Utilities.swift; sourceTree = "<group>"; };
		BADCA4B92B14F08A006B115B /* AuthenticationManager.swift */ = {isa = PBXFileReference; lastKnownFileType = sourcecode.swift; path = AuthenticationManager.swift; sourceTree = "<group>"; };
		BAEA7E622AB330BB00AF1BD0 /* Vocabos.app */ = {isa = PBXFileReference; explicitFileType = wrapper.application; includeInIndex = 0; path = Vocabos.app; sourceTree = BUILT_PRODUCTS_DIR; };
		BAEA7E652AB330BB00AF1BD0 /* VocabosApp.swift */ = {isa = PBXFileReference; lastKnownFileType = sourcecode.swift; path = VocabosApp.swift; sourceTree = "<group>"; };
		BAEA7E672AB330BB00AF1BD0 /* ContentView.swift */ = {isa = PBXFileReference; lastKnownFileType = sourcecode.swift; path = ContentView.swift; sourceTree = "<group>"; };
		BAEA7E692AB330BD00AF1BD0 /* Assets.xcassets */ = {isa = PBXFileReference; lastKnownFileType = folder.assetcatalog; path = Assets.xcassets; sourceTree = "<group>"; };
		BAEA7E6C2AB330BD00AF1BD0 /* Preview Assets.xcassets */ = {isa = PBXFileReference; lastKnownFileType = folder.assetcatalog; path = "Preview Assets.xcassets"; sourceTree = "<group>"; };
		BAEA7E7F2AB4549900AF1BD0 /* BaseViewModel.swift */ = {isa = PBXFileReference; lastKnownFileType = sourcecode.swift; path = BaseViewModel.swift; sourceTree = "<group>"; };
		BAEA7E842AB454DD00AF1BD0 /* APIManager.swift */ = {isa = PBXFileReference; lastKnownFileType = sourcecode.swift; path = APIManager.swift; sourceTree = "<group>"; };
		BAEA7E862AB4553E00AF1BD0 /* ServiceProvider.swift */ = {isa = PBXFileReference; lastKnownFileType = sourcecode.swift; path = ServiceProvider.swift; sourceTree = "<group>"; };
		BAEA7E882AB4556600AF1BD0 /* EndPoint.swift */ = {isa = PBXFileReference; lastKnownFileType = sourcecode.swift; path = EndPoint.swift; sourceTree = "<group>"; };
		BAEA7E8A2AB455B200AF1BD0 /* BaseRequest.swift */ = {isa = PBXFileReference; lastKnownFileType = sourcecode.swift; path = BaseRequest.swift; sourceTree = "<group>"; };
		BAEA7E8C2AB455F700AF1BD0 /* ApiCallListenerManager.swift */ = {isa = PBXFileReference; lastKnownFileType = sourcecode.swift; path = ApiCallListenerManager.swift; sourceTree = "<group>"; };
		BAEA7E8E2AB4564900AF1BD0 /* GlobalHelpers.swift */ = {isa = PBXFileReference; lastKnownFileType = sourcecode.swift; path = GlobalHelpers.swift; sourceTree = "<group>"; };
		BAEA7E902AB456BE00AF1BD0 /* DeviceInfo.swift */ = {isa = PBXFileReference; lastKnownFileType = sourcecode.swift; path = DeviceInfo.swift; sourceTree = "<group>"; };
		BAEA7E932AB456F200AF1BD0 /* Data+Extensions.swift */ = {isa = PBXFileReference; lastKnownFileType = sourcecode.swift; path = "Data+Extensions.swift"; sourceTree = "<group>"; };
		BAEA7E952AB4571F00AF1BD0 /* ErrorResponse.swift */ = {isa = PBXFileReference; lastKnownFileType = sourcecode.swift; path = ErrorResponse.swift; sourceTree = "<group>"; };
		BAEA7E972AB4572D00AF1BD0 /* ErrorType.swift */ = {isa = PBXFileReference; lastKnownFileType = sourcecode.swift; path = ErrorType.swift; sourceTree = "<group>"; };
/* End PBXFileReference section */

/* Begin PBXFrameworksBuildPhase section */
		BAEA7E5F2AB330BB00AF1BD0 /* Frameworks */ = {
			isa = PBXFrameworksBuildPhase;
			buildActionMask = 2147483647;
			files = (
				BADCA4B02B14E73D006B115B /* GoogleSignIn in Frameworks */,
				BADCA49F2B14E3A4006B115B /* GoogleSignInSwift in Frameworks */,
				BADCA4B22B14E73D006B115B /* GoogleSignInSwift in Frameworks */,
				BADCA4982B14DBE6006B115B /* Veil in Frameworks */,
				BADCA4B72B14EF76006B115B /* FirebaseAuth in Frameworks */,
				BADCA49D2B14E3A4006B115B /* GoogleSignIn in Frameworks */,
			);
			runOnlyForDeploymentPostprocessing = 0;
		};
/* End PBXFrameworksBuildPhase section */

/* Begin PBXGroup section */
		BA169FA42ABF5D4800D34DBF /* Login */ = {
			isa = PBXGroup;
			children = (
				BA169FA22ABF5D1300D34DBF /* LoginView.swift */,
			);
			path = Login;
			sourceTree = "<group>";
		};
		BA94593D2B1A65620064798F /* UserDefaults */ = {
			isa = PBXGroup;
			children = (
				BA94593E2B1A65730064798F /* AppUserDefaults.swift */,
				BA9459402B1A65970064798F /* UserDefault.swift */,
				BA9459422B1A65AB0064798F /* UserDefaultsKey.swift */,
			);
			path = UserDefaults;
			sourceTree = "<group>";
		};
		BA9475962ADD571F0095D108 /* Button */ = {
			isa = PBXGroup;
			children = (
				BA9475972ADD57290095D108 /* PrimaryButton.swift */,
			);
			path = Button;
			sourceTree = "<group>";
		};
		BAAAAC962ABF639C0055A540 /* Font */ = {
			isa = PBXGroup;
			children = (
				BAAAAC972ABF63BF0055A540 /* Poppins */,
			);
			path = Font;
			sourceTree = "<group>";
		};
		BAD5388E2B1A50E600EB3D89 /* Helper */ = {
			isa = PBXGroup;
			children = (
			);
			path = Helper;
			sourceTree = "<group>";
		};
		BADCA48F2B14CA24006B115B /* Greeting */ = {
			isa = PBXGroup;
			children = (
				BADCA4902B14CA2F006B115B /* GreetingView.swift */,
			);
			path = Greeting;
			sourceTree = "<group>";
		};
		BADCA4B52B14EF76006B115B /* Frameworks */ = {
			isa = PBXGroup;
			children = (
			);
			name = Frameworks;
			sourceTree = "<group>";
		};
		BADCA4B82B14F074006B115B /* Authentication */ = {
			isa = PBXGroup;
			children = (
				BADCA4B92B14F08A006B115B /* AuthenticationManager.swift */,
			);
			path = Authentication;
			sourceTree = "<group>";
		};
		BAEA7E592AB330BB00AF1BD0 = {
			isa = PBXGroup;
			children = (
				BAEA7E642AB330BB00AF1BD0 /* Vocabos */,
				BAEA7E632AB330BB00AF1BD0 /* Products */,
				BADCA4B52B14EF76006B115B /* Frameworks */,
			);
			sourceTree = "<group>";
		};
		BAEA7E632AB330BB00AF1BD0 /* Products */ = {
			isa = PBXGroup;
			children = (
				BAEA7E622AB330BB00AF1BD0 /* Vocabos.app */,
			);
			name = Products;
			sourceTree = "<group>";
		};
		BAEA7E642AB330BB00AF1BD0 /* Vocabos */ = {
			isa = PBXGroup;
			children = (
				BA94593B2B1A5DFF0064798F /* GoogleService-Info.plist */,
				BA9459372B1A5ACC0064798F /* credential.plist */,
				BAAAAC9B2ABF64FF0055A540 /* Info.plist */,
				BAEA7E732AB332B400AF1BD0 /* App */,
				BAEA7E752AB332BC00AF1BD0 /* View */,
				BAEA7E762AB332BF00AF1BD0 /* ViewModel */,
				BAEA7E742AB332B900AF1BD0 /* Models */,
				BAEA7E792AB3334400AF1BD0 /* Network */,
				BAEA7E7A2AB3334A00AF1BD0 /* Utils */,
				BAEA7E7B2AB3335600AF1BD0 /* Persistence */,
				BAEA7E7C2AB3336900AF1BD0 /* Managers */,
				BAEA7E7D2AB3336F00AF1BD0 /* Resources */,
				BAEA7E692AB330BD00AF1BD0 /* Assets.xcassets */,
				BAEA7E6B2AB330BD00AF1BD0 /* Preview Content */,
			);
			path = Vocabos;
			sourceTree = "<group>";
		};
		BAEA7E6B2AB330BD00AF1BD0 /* Preview Content */ = {
			isa = PBXGroup;
			children = (
				BAEA7E6C2AB330BD00AF1BD0 /* Preview Assets.xcassets */,
			);
			path = "Preview Content";
			sourceTree = "<group>";
		};
		BAEA7E732AB332B400AF1BD0 /* App */ = {
			isa = PBXGroup;
			children = (
				BAEA7E652AB330BB00AF1BD0 /* VocabosApp.swift */,
			);
			path = App;
			sourceTree = "<group>";
		};
		BAEA7E742AB332B900AF1BD0 /* Models */ = {
			isa = PBXGroup;
			children = (
				BAEA7E822AB454BA00AF1BD0 /* Request */,
				BAEA7E812AB454B600AF1BD0 /* Response */,
			);
			path = Models;
			sourceTree = "<group>";
		};
		BAEA7E752AB332BC00AF1BD0 /* View */ = {
			isa = PBXGroup;
			children = (
				BAEA7E772AB332D000AF1BD0 /* SceneModules */,
				BAEA7E7E2AB4548100AF1BD0 /* Component */,
				BAEA7E672AB330BB00AF1BD0 /* ContentView.swift */,
			);
			path = View;
			sourceTree = "<group>";
		};
		BAEA7E762AB332BF00AF1BD0 /* ViewModel */ = {
			isa = PBXGroup;
			children = (
				BAEA7E7F2AB4549900AF1BD0 /* BaseViewModel.swift */,
				BAAAAC922ABF602B0055A540 /* UserViewModel.swift */,
			);
			path = ViewModel;
			sourceTree = "<group>";
		};
		BAEA7E772AB332D000AF1BD0 /* SceneModules */ = {
			isa = PBXGroup;
			children = (
				BADCA48F2B14CA24006B115B /* Greeting */,
				BA169FA42ABF5D4800D34DBF /* Login */,
				BA169FA52ABF5D5600D34DBF /* SplashView.swift */,
				BAAAAC942ABF61670055A540 /* HomeView.swift */,
			);
			path = SceneModules;
			sourceTree = "<group>";
		};
		BAEA7E792AB3334400AF1BD0 /* Network */ = {
			isa = PBXGroup;
			children = (
				BADCA4B82B14F074006B115B /* Authentication */,
				BAEA7E832AB454C400AF1BD0 /* Services */,
				BAEA7E842AB454DD00AF1BD0 /* APIManager.swift */,
				BAEA7E952AB4571F00AF1BD0 /* ErrorResponse.swift */,
				BAEA7E972AB4572D00AF1BD0 /* ErrorType.swift */,
				BAEA7E862AB4553E00AF1BD0 /* ServiceProvider.swift */,
				BAEA7E882AB4556600AF1BD0 /* EndPoint.swift */,
			);
			path = Network;
			sourceTree = "<group>";
		};
		BAEA7E7A2AB3334A00AF1BD0 /* Utils */ = {
			isa = PBXGroup;
			children = (
				BAD5388E2B1A50E600EB3D89 /* Helper */,
				BAEA7E922AB456E300AF1BD0 /* Extensions */,
				BAEA7E8E2AB4564900AF1BD0 /* GlobalHelpers.swift */,
				BAEA7E902AB456BE00AF1BD0 /* DeviceInfo.swift */,
				BADCA4992B14DE50006B115B /* InputPattern.swift */,
				BADCA4B32B14ECBA006B115B /* Utilities.swift */,
			);
			path = Utils;
			sourceTree = "<group>";
		};
		BAEA7E7B2AB3335600AF1BD0 /* Persistence */ = {
			isa = PBXGroup;
			children = (
				BA94593D2B1A65620064798F /* UserDefaults */,
			);
			path = Persistence;
			sourceTree = "<group>";
		};
		BAEA7E7C2AB3336900AF1BD0 /* Managers */ = {
			isa = PBXGroup;
			children = (
				BAEA7E8C2AB455F700AF1BD0 /* ApiCallListenerManager.swift */,
			);
			path = Managers;
			sourceTree = "<group>";
		};
		BAEA7E7D2AB3336F00AF1BD0 /* Resources */ = {
			isa = PBXGroup;
			children = (
				BAAAAC962ABF639C0055A540 /* Font */,
			);
			path = Resources;
			sourceTree = "<group>";
		};
		BAEA7E7E2AB4548100AF1BD0 /* Component */ = {
			isa = PBXGroup;
			children = (
				BA9475962ADD571F0095D108 /* Button */,
				BADCA4922B14D131006B115B /* WorkAroundLink.swift */,
				BADCA4942B14DB89006B115B /* StandartTextField.swift */,
			);
			path = Component;
			sourceTree = "<group>";
		};
		BAEA7E812AB454B600AF1BD0 /* Response */ = {
			isa = PBXGroup;
			children = (
			);
			path = Response;
			sourceTree = "<group>";
		};
		BAEA7E822AB454BA00AF1BD0 /* Request */ = {
			isa = PBXGroup;
			children = (
				BAEA7E8A2AB455B200AF1BD0 /* BaseRequest.swift */,
			);
			path = Request;
			sourceTree = "<group>";
		};
		BAEA7E832AB454C400AF1BD0 /* Services */ = {
			isa = PBXGroup;
			children = (
			);
			path = Services;
			sourceTree = "<group>";
		};
		BAEA7E922AB456E300AF1BD0 /* Extensions */ = {
			isa = PBXGroup;
			children = (
				BAEA7E932AB456F200AF1BD0 /* Data+Extensions.swift */,
				BAAAAC8E2ABF5E870055A540 /* Color+Extensions.swift */,
				BAAAAC902ABF5F350055A540 /* Image+Extensions.swift */,
				BAAAAC992ABF64530055A540 /* Font+Extensions.swift */,
			);
			path = Extensions;
			sourceTree = "<group>";
		};
/* End PBXGroup section */

/* Begin PBXNativeTarget section */
		BAEA7E612AB330BB00AF1BD0 /* Vocabos */ = {
			isa = PBXNativeTarget;
			buildConfigurationList = BAEA7E702AB330BD00AF1BD0 /* Build configuration list for PBXNativeTarget "Vocabos" */;
			buildPhases = (
				BAEA7E5E2AB330BB00AF1BD0 /* Sources */,
				BAEA7E5F2AB330BB00AF1BD0 /* Frameworks */,
				BAEA7E602AB330BB00AF1BD0 /* Resources */,
			);
			buildRules = (
			);
			dependencies = (
			);
			name = Vocabos;
			packageProductDependencies = (
				BADCA4972B14DBE6006B115B /* Veil */,
				BADCA49C2B14E3A4006B115B /* GoogleSignIn */,
				BADCA49E2B14E3A4006B115B /* GoogleSignInSwift */,
				BADCA4AF2B14E73D006B115B /* GoogleSignIn */,
				BADCA4B12B14E73D006B115B /* GoogleSignInSwift */,
				BADCA4B62B14EF76006B115B /* FirebaseAuth */,
			);
			productName = Vocabos;
			productReference = BAEA7E622AB330BB00AF1BD0 /* Vocabos.app */;
			productType = "com.apple.product-type.application";
		};
/* End PBXNativeTarget section */

/* Begin PBXProject section */
		BAEA7E5A2AB330BB00AF1BD0 /* Project object */ = {
			isa = PBXProject;
			attributes = {
				BuildIndependentTargetsInParallel = 1;
				LastSwiftUpdateCheck = 1430;
				LastUpgradeCheck = 1500;
				TargetAttributes = {
					BAEA7E612AB330BB00AF1BD0 = {
						CreatedOnToolsVersion = 14.3.1;
					};
				};
			};
			buildConfigurationList = BAEA7E5D2AB330BB00AF1BD0 /* Build configuration list for PBXProject "Vocabos" */;
			compatibilityVersion = "Xcode 14.0";
			developmentRegion = en;
			hasScannedForEncodings = 0;
			knownRegions = (
				en,
				Base,
			);
			mainGroup = BAEA7E592AB330BB00AF1BD0;
			packageReferences = (
				BADCA4962B14DBE6006B115B /* XCRemoteSwiftPackageReference "Veil" */,
				BADCA49B2B14E3A4006B115B /* XCRemoteSwiftPackageReference "GoogleSignIn-iOS" */,
				BADCA4A22B14E552006B115B /* XCRemoteSwiftPackageReference "firebase-ios-sdk" */,
			);
			productRefGroup = BAEA7E632AB330BB00AF1BD0 /* Products */;
			projectDirPath = "";
			projectRoot = "";
			targets = (
				BAEA7E612AB330BB00AF1BD0 /* Vocabos */,
			);
		};
/* End PBXProject section */

/* Begin PBXResourcesBuildPhase section */
		BAEA7E602AB330BB00AF1BD0 /* Resources */ = {
			isa = PBXResourcesBuildPhase;
			buildActionMask = 2147483647;
			files = (
				BAAAAC982ABF63BF0055A540 /* Poppins in Resources */,
				BA94593C2B1A5DFF0064798F /* GoogleService-Info.plist in Resources */,
				BAEA7E6D2AB330BD00AF1BD0 /* Preview Assets.xcassets in Resources */,
				BAEA7E6A2AB330BD00AF1BD0 /* Assets.xcassets in Resources */,
				BA9459382B1A5ACC0064798F /* credential.plist in Resources */,
			);
			runOnlyForDeploymentPostprocessing = 0;
		};
/* End PBXResourcesBuildPhase section */

/* Begin PBXSourcesBuildPhase section */
		BAEA7E5E2AB330BB00AF1BD0 /* Sources */ = {
			isa = PBXSourcesBuildPhase;
			buildActionMask = 2147483647;
			files = (
				BA9459412B1A65970064798F /* UserDefault.swift in Sources */,
				BADCA49A2B14DE50006B115B /* InputPattern.swift in Sources */,
				BADCA4932B14D131006B115B /* WorkAroundLink.swift in Sources */,
				BAEA7E8F2AB4564900AF1BD0 /* GlobalHelpers.swift in Sources */,
				BAEA7E982AB4572D00AF1BD0 /* ErrorType.swift in Sources */,
				BA94593F2B1A65730064798F /* AppUserDefaults.swift in Sources */,
				BADCA4B42B14ECBA006B115B /* Utilities.swift in Sources */,
				BAAAAC9A2ABF64530055A540 /* Font+Extensions.swift in Sources */,
				BA169FA62ABF5D5600D34DBF /* SplashView.swift in Sources */,
				BADCA4BA2B14F08A006B115B /* AuthenticationManager.swift in Sources */,
				BAEA7E892AB4556600AF1BD0 /* EndPoint.swift in Sources */,
				BADCA4912B14CA2F006B115B /* GreetingView.swift in Sources */,
				BAEA7E852AB454DD00AF1BD0 /* APIManager.swift in Sources */,
				BAEA7E962AB4571F00AF1BD0 /* ErrorResponse.swift in Sources */,
				BAEA7E872AB4553E00AF1BD0 /* ServiceProvider.swift in Sources */,
				BAAAAC932ABF602B0055A540 /* UserViewModel.swift in Sources */,
				BAEA7E8B2AB455B200AF1BD0 /* BaseRequest.swift in Sources */,
				BAEA7E682AB330BB00AF1BD0 /* ContentView.swift in Sources */,
				BA169FA32ABF5D1300D34DBF /* LoginView.swift in Sources */,
				BAEA7E662AB330BB00AF1BD0 /* VocabosApp.swift in Sources */,
				BAAAAC8F2ABF5E870055A540 /* Color+Extensions.swift in Sources */,
				BAEA7E8D2AB455F700AF1BD0 /* ApiCallListenerManager.swift in Sources */,
				BAEA7E942AB456F200AF1BD0 /* Data+Extensions.swift in Sources */,
				BAEA7E802AB4549900AF1BD0 /* BaseViewModel.swift in Sources */,
				BAAAAC912ABF5F350055A540 /* Image+Extensions.swift in Sources */,
				BA9459432B1A65AB0064798F /* UserDefaultsKey.swift in Sources */,
				BADCA4952B14DB89006B115B /* StandartTextField.swift in Sources */,
				BA9475982ADD57290095D108 /* PrimaryButton.swift in Sources */,
				BAEA7E912AB456BE00AF1BD0 /* DeviceInfo.swift in Sources */,
				BAAAAC952ABF61670055A540 /* HomeView.swift in Sources */,
			);
			runOnlyForDeploymentPostprocessing = 0;
		};
/* End PBXSourcesBuildPhase section */

/* Begin XCBuildConfiguration section */
		BAEA7E6E2AB330BD00AF1BD0 /* Debug */ = {
			isa = XCBuildConfiguration;
			buildSettings = {
				ALWAYS_SEARCH_USER_PATHS = NO;
				CLANG_ANALYZER_NONNULL = YES;
				CLANG_ANALYZER_NUMBER_OBJECT_CONVERSION = YES_AGGRESSIVE;
				CLANG_CXX_LANGUAGE_STANDARD = "gnu++20";
				CLANG_ENABLE_MODULES = YES;
				CLANG_ENABLE_OBJC_ARC = YES;
				CLANG_ENABLE_OBJC_WEAK = YES;
				CLANG_WARN_BLOCK_CAPTURE_AUTORELEASING = YES;
				CLANG_WARN_BOOL_CONVERSION = YES;
				CLANG_WARN_COMMA = YES;
				CLANG_WARN_CONSTANT_CONVERSION = YES;
				CLANG_WARN_DEPRECATED_OBJC_IMPLEMENTATIONS = YES;
				CLANG_WARN_DIRECT_OBJC_ISA_USAGE = YES_ERROR;
				CLANG_WARN_DOCUMENTATION_COMMENTS = YES;
				CLANG_WARN_EMPTY_BODY = YES;
				CLANG_WARN_ENUM_CONVERSION = YES;
				CLANG_WARN_INFINITE_RECURSION = YES;
				CLANG_WARN_INT_CONVERSION = YES;
				CLANG_WARN_NON_LITERAL_NULL_CONVERSION = YES;
				CLANG_WARN_OBJC_IMPLICIT_RETAIN_SELF = YES;
				CLANG_WARN_OBJC_LITERAL_CONVERSION = YES;
				CLANG_WARN_OBJC_ROOT_CLASS = YES_ERROR;
				CLANG_WARN_QUOTED_INCLUDE_IN_FRAMEWORK_HEADER = YES;
				CLANG_WARN_RANGE_LOOP_ANALYSIS = YES;
				CLANG_WARN_STRICT_PROTOTYPES = YES;
				CLANG_WARN_SUSPICIOUS_MOVE = YES;
				CLANG_WARN_UNGUARDED_AVAILABILITY = YES_AGGRESSIVE;
				CLANG_WARN_UNREACHABLE_CODE = YES;
				CLANG_WARN__DUPLICATE_METHOD_MATCH = YES;
				COPY_PHASE_STRIP = NO;
				DEBUG_INFORMATION_FORMAT = dwarf;
				ENABLE_STRICT_OBJC_MSGSEND = YES;
				ENABLE_TESTABILITY = YES;
				ENABLE_USER_SCRIPT_SANDBOXING = YES;
				GCC_C_LANGUAGE_STANDARD = gnu11;
				GCC_DYNAMIC_NO_PIC = NO;
				GCC_NO_COMMON_BLOCKS = YES;
				GCC_OPTIMIZATION_LEVEL = 0;
				GCC_PREPROCESSOR_DEFINITIONS = (
					"DEBUG=1",
					"$(inherited)",
				);
				GCC_WARN_64_TO_32_BIT_CONVERSION = YES;
				GCC_WARN_ABOUT_RETURN_TYPE = YES_ERROR;
				GCC_WARN_UNDECLARED_SELECTOR = YES;
				GCC_WARN_UNINITIALIZED_AUTOS = YES_AGGRESSIVE;
				GCC_WARN_UNUSED_FUNCTION = YES;
				GCC_WARN_UNUSED_VARIABLE = YES;
				IPHONEOS_DEPLOYMENT_TARGET = 16.4;
				MTL_ENABLE_DEBUG_INFO = INCLUDE_SOURCE;
				MTL_FAST_MATH = YES;
				ONLY_ACTIVE_ARCH = YES;
				SDKROOT = iphoneos;
				SWIFT_ACTIVE_COMPILATION_CONDITIONS = DEBUG;
				SWIFT_OPTIMIZATION_LEVEL = "-Onone";
			};
			name = Debug;
		};
		BAEA7E6F2AB330BD00AF1BD0 /* Release */ = {
			isa = XCBuildConfiguration;
			buildSettings = {
				ALWAYS_SEARCH_USER_PATHS = NO;
				CLANG_ANALYZER_NONNULL = YES;
				CLANG_ANALYZER_NUMBER_OBJECT_CONVERSION = YES_AGGRESSIVE;
				CLANG_CXX_LANGUAGE_STANDARD = "gnu++20";
				CLANG_ENABLE_MODULES = YES;
				CLANG_ENABLE_OBJC_ARC = YES;
				CLANG_ENABLE_OBJC_WEAK = YES;
				CLANG_WARN_BLOCK_CAPTURE_AUTORELEASING = YES;
				CLANG_WARN_BOOL_CONVERSION = YES;
				CLANG_WARN_COMMA = YES;
				CLANG_WARN_CONSTANT_CONVERSION = YES;
				CLANG_WARN_DEPRECATED_OBJC_IMPLEMENTATIONS = YES;
				CLANG_WARN_DIRECT_OBJC_ISA_USAGE = YES_ERROR;
				CLANG_WARN_DOCUMENTATION_COMMENTS = YES;
				CLANG_WARN_EMPTY_BODY = YES;
				CLANG_WARN_ENUM_CONVERSION = YES;
				CLANG_WARN_INFINITE_RECURSION = YES;
				CLANG_WARN_INT_CONVERSION = YES;
				CLANG_WARN_NON_LITERAL_NULL_CONVERSION = YES;
				CLANG_WARN_OBJC_IMPLICIT_RETAIN_SELF = YES;
				CLANG_WARN_OBJC_LITERAL_CONVERSION = YES;
				CLANG_WARN_OBJC_ROOT_CLASS = YES_ERROR;
				CLANG_WARN_QUOTED_INCLUDE_IN_FRAMEWORK_HEADER = YES;
				CLANG_WARN_RANGE_LOOP_ANALYSIS = YES;
				CLANG_WARN_STRICT_PROTOTYPES = YES;
				CLANG_WARN_SUSPICIOUS_MOVE = YES;
				CLANG_WARN_UNGUARDED_AVAILABILITY = YES_AGGRESSIVE;
				CLANG_WARN_UNREACHABLE_CODE = YES;
				CLANG_WARN__DUPLICATE_METHOD_MATCH = YES;
				COPY_PHASE_STRIP = NO;
				DEBUG_INFORMATION_FORMAT = "dwarf-with-dsym";
				ENABLE_NS_ASSERTIONS = NO;
				ENABLE_STRICT_OBJC_MSGSEND = YES;
				ENABLE_USER_SCRIPT_SANDBOXING = YES;
				GCC_C_LANGUAGE_STANDARD = gnu11;
				GCC_NO_COMMON_BLOCKS = YES;
				GCC_WARN_64_TO_32_BIT_CONVERSION = YES;
				GCC_WARN_ABOUT_RETURN_TYPE = YES_ERROR;
				GCC_WARN_UNDECLARED_SELECTOR = YES;
				GCC_WARN_UNINITIALIZED_AUTOS = YES_AGGRESSIVE;
				GCC_WARN_UNUSED_FUNCTION = YES;
				GCC_WARN_UNUSED_VARIABLE = YES;
				IPHONEOS_DEPLOYMENT_TARGET = 16.4;
				MTL_ENABLE_DEBUG_INFO = NO;
				MTL_FAST_MATH = YES;
				SDKROOT = iphoneos;
				SWIFT_COMPILATION_MODE = wholemodule;
				SWIFT_OPTIMIZATION_LEVEL = "-O";
				VALIDATE_PRODUCT = YES;
			};
			name = Release;
		};
		BAEA7E712AB330BD00AF1BD0 /* Debug */ = {
			isa = XCBuildConfiguration;
			buildSettings = {
				ASSETCATALOG_COMPILER_APPICON_NAME = AppIcon;
				ASSETCATALOG_COMPILER_GLOBAL_ACCENT_COLOR_NAME = AccentColor;
				CODE_SIGN_STYLE = Automatic;
				CURRENT_PROJECT_VERSION = 1;
				DEVELOPMENT_ASSET_PATHS = "\"Vocabos/Preview Content\"";
				DEVELOPMENT_TEAM = UDN38C656M;
				ENABLE_PREVIEWS = YES;
				GENERATE_INFOPLIST_FILE = YES;
				INFOPLIST_FILE = Vocabos/Info.plist;
				INFOPLIST_KEY_LSApplicationCategoryType = "public.app-category.education";
				INFOPLIST_KEY_UIApplicationSceneManifest_Generation = YES;
				INFOPLIST_KEY_UIApplicationSupportsIndirectInputEvents = YES;
				INFOPLIST_KEY_UILaunchScreen_Generation = YES;
				INFOPLIST_KEY_UISupportedInterfaceOrientations_iPad = "UIInterfaceOrientationPortrait UIInterfaceOrientationPortraitUpsideDown UIInterfaceOrientationLandscapeLeft UIInterfaceOrientationLandscapeRight";
				INFOPLIST_KEY_UISupportedInterfaceOrientations_iPhone = "UIInterfaceOrientationPortrait UIInterfaceOrientationLandscapeLeft UIInterfaceOrientationLandscapeRight";
				IPHONEOS_DEPLOYMENT_TARGET = 15.0;
				LD_RUNPATH_SEARCH_PATHS = (
					"$(inherited)",
					"@executable_path/Frameworks",
				);
				MARKETING_VERSION = 1.0;
				PRODUCT_BUNDLE_IDENTIFIER = com.sinantanrikut.vocabos;
				PRODUCT_NAME = "$(TARGET_NAME)";
				SWIFT_EMIT_LOC_STRINGS = YES;
				SWIFT_VERSION = 5.0;
				TARGETED_DEVICE_FAMILY = "1,2";
			};
			name = Debug;
		};
		BAEA7E722AB330BD00AF1BD0 /* Release */ = {
			isa = XCBuildConfiguration;
			buildSettings = {
				ASSETCATALOG_COMPILER_APPICON_NAME = AppIcon;
				ASSETCATALOG_COMPILER_GLOBAL_ACCENT_COLOR_NAME = AccentColor;
				CODE_SIGN_STYLE = Automatic;
				CURRENT_PROJECT_VERSION = 1;
				DEVELOPMENT_ASSET_PATHS = "\"Vocabos/Preview Content\"";
				DEVELOPMENT_TEAM = UDN38C656M;
				ENABLE_PREVIEWS = YES;
				GENERATE_INFOPLIST_FILE = YES;
				INFOPLIST_FILE = Vocabos/Info.plist;
				INFOPLIST_KEY_LSApplicationCategoryType = "public.app-category.education";
				INFOPLIST_KEY_UIApplicationSceneManifest_Generation = YES;
				INFOPLIST_KEY_UIApplicationSupportsIndirectInputEvents = YES;
				INFOPLIST_KEY_UILaunchScreen_Generation = YES;
				INFOPLIST_KEY_UISupportedInterfaceOrientations_iPad = "UIInterfaceOrientationPortrait UIInterfaceOrientationPortraitUpsideDown UIInterfaceOrientationLandscapeLeft UIInterfaceOrientationLandscapeRight";
				INFOPLIST_KEY_UISupportedInterfaceOrientations_iPhone = "UIInterfaceOrientationPortrait UIInterfaceOrientationLandscapeLeft UIInterfaceOrientationLandscapeRight";
				IPHONEOS_DEPLOYMENT_TARGET = 15.0;
				LD_RUNPATH_SEARCH_PATHS = (
					"$(inherited)",
					"@executable_path/Frameworks",
				);
				MARKETING_VERSION = 1.0;
				PRODUCT_BUNDLE_IDENTIFIER = com.sinantanrikut.vocabos;
				PRODUCT_NAME = "$(TARGET_NAME)";
				SWIFT_EMIT_LOC_STRINGS = YES;
				SWIFT_VERSION = 5.0;
				TARGETED_DEVICE_FAMILY = "1,2";
			};
			name = Release;
		};
/* End XCBuildConfiguration section */

/* Begin XCConfigurationList section */
		BAEA7E5D2AB330BB00AF1BD0 /* Build configuration list for PBXProject "Vocabos" */ = {
			isa = XCConfigurationList;
			buildConfigurations = (
				BAEA7E6E2AB330BD00AF1BD0 /* Debug */,
				BAEA7E6F2AB330BD00AF1BD0 /* Release */,
			);
			defaultConfigurationIsVisible = 0;
			defaultConfigurationName = Release;
		};
		BAEA7E702AB330BD00AF1BD0 /* Build configuration list for PBXNativeTarget "Vocabos" */ = {
			isa = XCConfigurationList;
			buildConfigurations = (
				BAEA7E712AB330BD00AF1BD0 /* Debug */,
				BAEA7E722AB330BD00AF1BD0 /* Release */,
			);
			defaultConfigurationIsVisible = 0;
			defaultConfigurationName = Release;
		};
/* End XCConfigurationList section */

/* Begin XCRemoteSwiftPackageReference section */
		BADCA4962B14DBE6006B115B /* XCRemoteSwiftPackageReference "Veil" */ = {
			isa = XCRemoteSwiftPackageReference;
			repositoryURL = "https://github.com/DanielCardonaRojas/Veil";
			requirement = {
				kind = upToNextMajorVersion;
				minimumVersion = 0.2.0;
			};
		};
		BADCA49B2B14E3A4006B115B /* XCRemoteSwiftPackageReference "GoogleSignIn-iOS" */ = {
			isa = XCRemoteSwiftPackageReference;
			repositoryURL = "https://github.com/google/GoogleSignIn-iOS";
			requirement = {
				kind = upToNextMajorVersion;
				minimumVersion = 7.0.0;
			};
		};
		BADCA4A22B14E552006B115B /* XCRemoteSwiftPackageReference "firebase-ios-sdk" */ = {
			isa = XCRemoteSwiftPackageReference;
			repositoryURL = "https://github.com/firebase/firebase-ios-sdk.git";
			requirement = {
				kind = upToNextMajorVersion;
				minimumVersion = 10.18.0;
			};
		};
/* End XCRemoteSwiftPackageReference section */

/* Begin XCSwiftPackageProductDependency section */
		BADCA4972B14DBE6006B115B /* Veil */ = {
			isa = XCSwiftPackageProductDependency;
			package = BADCA4962B14DBE6006B115B /* XCRemoteSwiftPackageReference "Veil" */;
			productName = Veil;
		};
		BADCA49C2B14E3A4006B115B /* GoogleSignIn */ = {
			isa = XCSwiftPackageProductDependency;
			package = BADCA49B2B14E3A4006B115B /* XCRemoteSwiftPackageReference "GoogleSignIn-iOS" */;
			productName = GoogleSignIn;
		};
		BADCA49E2B14E3A4006B115B /* GoogleSignInSwift */ = {
			isa = XCSwiftPackageProductDependency;
			package = BADCA49B2B14E3A4006B115B /* XCRemoteSwiftPackageReference "GoogleSignIn-iOS" */;
			productName = GoogleSignInSwift;
		};
		BADCA4AF2B14E73D006B115B /* GoogleSignIn */ = {
			isa = XCSwiftPackageProductDependency;
			package = BADCA49B2B14E3A4006B115B /* XCRemoteSwiftPackageReference "GoogleSignIn-iOS" */;
			productName = GoogleSignIn;
		};
		BADCA4B12B14E73D006B115B /* GoogleSignInSwift */ = {
			isa = XCSwiftPackageProductDependency;
			package = BADCA49B2B14E3A4006B115B /* XCRemoteSwiftPackageReference "GoogleSignIn-iOS" */;
			productName = GoogleSignInSwift;
		};
		BADCA4B62B14EF76006B115B /* FirebaseAuth */ = {
			isa = XCSwiftPackageProductDependency;
			package = BADCA4A22B14E552006B115B /* XCRemoteSwiftPackageReference "firebase-ios-sdk" */;
			productName = FirebaseAuth;
		};
/* End XCSwiftPackageProductDependency section */
	};
	rootObject = BAEA7E5A2AB330BB00AF1BD0 /* Project object */;
}
